
Microsoft Visual Studio Solution File, Format Version 12.00
# Visual Studio Version 16
VisualStudioVersion = 16.0.30413.136
MinimumVisualStudioVersion = 10.0.40219.1
Project("{FAE04EC0-301F-11D3-BF4B-00C04F79EFBC}") = "EkaOhjelma 020920", "EkaOhjelma 020920\EkaOhjelma 020920.csproj", "{B3177BA8-ACFE-47DB-89DA-8AF912A949A0}"
EndProject
Global
	GlobalSection(SolutionConfigurationPlatforms) = preSolution
		Debug|Any CPU = Debug|Any CPU
		Release|Any CPU = Release|Any CPU
	EndGlobalSection
	GlobalSection(ProjectConfigurationPlatforms) = postSolution
		{B3177BA8-ACFE-47DB-89DA-8AF912A949A0}.Debug|Any CPU.ActiveCfg = Debug|Any CPU
		{B3177BA8-ACFE-47DB-89DA-8AF912A949A0}.Debug|Any CPU.Build.0 = Debug|Any CPU
		{B3177BA8-ACFE-47DB-89DA-8AF912A949A0}.Release|Any CPU.ActiveCfg = Release|Any CPU
		{B3177BA8-ACFE-47DB-89DA-8AF912A949A0}.Release|Any CPU.Build.0 = Release|Any CPU
	EndGlobalSection
	GlobalSection(SolutionProperties) = preSolution
		HideSolutionNode = FALSE
	EndGlobalSection
	GlobalSection(ExtensibilityGlobals) = postSolution
		SolutionGuid = {24FEA834-40E0-4D06-8937-A8F840F18510}
	EndGlobalSection
EndGlobal
