
Microsoft Visual Studio Solution File, Format Version 12.00
# Visual Studio Version 17
VisualStudioVersion = 17.5.33502.453
MinimumVisualStudioVersion = 10.0.40219.1
Project("{2150E333-8FDC-42A3-9474-1A3956D46DE8}") = "src", "src", "{66FEBF90-D5A6-433E-81F9-0CE2F3997E63}"
EndProject
Project("{9A19103F-16F7-4668-BE54-9A1E7A4F7556}") = "RazorPhones", "src\RazorPhones\RazorPhones.csproj", "{84876E34-E6D9-4E24-A2BF-9E179AB55653}"
EndProject
Project("{2150E333-8FDC-42A3-9474-1A3956D46DE8}") = "tests", "tests", "{FC5863C2-583D-4E98-A99F-051FEB1A7B5F}"
EndProject
Project("{9A19103F-16F7-4668-BE54-9A1E7A4F7556}") = "t1", "tests\t1\t1.csproj", "{20220B5A-A01D-4C45-90F3-9A805B407E42}"
EndProject
Project("{9A19103F-16F7-4668-BE54-9A1E7A4F7556}") = "t2", "tests\t2\t2.csproj", "{261877CB-4F8B-42A0-A10D-56D14BD2DE19}"
EndProject
Project("{9A19103F-16F7-4668-BE54-9A1E7A4F7556}") = "t3", "tests\t3\t3.csproj", "{DCC463FC-B14E-4F1D-893D-5AF3135B8398}"
EndProject
Project("{9A19103F-16F7-4668-BE54-9A1E7A4F7556}") = "t4", "tests\t4\t4.csproj", "{AEEFD03C-DC6E-4BCD-A877-8CAAB7D4A3F2}"
EndProject
Project("{9A19103F-16F7-4668-BE54-9A1E7A4F7556}") = "t5", "tests\t5\t5.csproj", "{4DA14805-C3D2-42EC-967A-C8553B3D0E69}"
EndProject
Project("{2150E333-8FDC-42A3-9474-1A3956D46DE8}") = "Solution Items", "Solution Items", "{7F6C0C03-3528-4054-AE9F-BF4BDF30DE4D}"
	ProjectSection(SolutionItems) = preProject
		README.md = README.md
	EndProjectSection
EndProject
Global
	GlobalSection(SolutionConfigurationPlatforms) = preSolution
		Debug|Any CPU = Debug|Any CPU
		Release|Any CPU = Release|Any CPU
	EndGlobalSection
	GlobalSection(ProjectConfigurationPlatforms) = postSolution
		{84876E34-E6D9-4E24-A2BF-9E179AB55653}.Debug|Any CPU.ActiveCfg = Debug|Any CPU
		{84876E34-E6D9-4E24-A2BF-9E179AB55653}.Debug|Any CPU.Build.0 = Debug|Any CPU
		{84876E34-E6D9-4E24-A2BF-9E179AB55653}.Release|Any CPU.ActiveCfg = Release|Any CPU
		{84876E34-E6D9-4E24-A2BF-9E179AB55653}.Release|Any CPU.Build.0 = Release|Any CPU
		{20220B5A-A01D-4C45-90F3-9A805B407E42}.Debug|Any CPU.ActiveCfg = Debug|Any CPU
		{20220B5A-A01D-4C45-90F3-9A805B407E42}.Debug|Any CPU.Build.0 = Debug|Any CPU
		{20220B5A-A01D-4C45-90F3-9A805B407E42}.Release|Any CPU.ActiveCfg = Release|Any CPU
		{20220B5A-A01D-4C45-90F3-9A805B407E42}.Release|Any CPU.Build.0 = Release|Any CPU
		{261877CB-4F8B-42A0-A10D-56D14BD2DE19}.Debug|Any CPU.ActiveCfg = Debug|Any CPU
		{261877CB-4F8B-42A0-A10D-56D14BD2DE19}.Debug|Any CPU.Build.0 = Debug|Any CPU
		{261877CB-4F8B-42A0-A10D-56D14BD2DE19}.Release|Any CPU.ActiveCfg = Release|Any CPU
		{261877CB-4F8B-42A0-A10D-56D14BD2DE19}.Release|Any CPU.Build.0 = Release|Any CPU
		{DCC463FC-B14E-4F1D-893D-5AF3135B8398}.Debug|Any CPU.ActiveCfg = Debug|Any CPU
		{DCC463FC-B14E-4F1D-893D-5AF3135B8398}.Debug|Any CPU.Build.0 = Debug|Any CPU
		{DCC463FC-B14E-4F1D-893D-5AF3135B8398}.Release|Any CPU.ActiveCfg = Release|Any CPU
		{DCC463FC-B14E-4F1D-893D-5AF3135B8398}.Release|Any CPU.Build.0 = Release|Any CPU
		{AEEFD03C-DC6E-4BCD-A877-8CAAB7D4A3F2}.Debug|Any CPU.ActiveCfg = Debug|Any CPU
		{AEEFD03C-DC6E-4BCD-A877-8CAAB7D4A3F2}.Debug|Any CPU.Build.0 = Debug|Any CPU
		{AEEFD03C-DC6E-4BCD-A877-8CAAB7D4A3F2}.Release|Any CPU.ActiveCfg = Release|Any CPU
		{AEEFD03C-DC6E-4BCD-A877-8CAAB7D4A3F2}.Release|Any CPU.Build.0 = Release|Any CPU
		{4DA14805-C3D2-42EC-967A-C8553B3D0E69}.Debug|Any CPU.ActiveCfg = Debug|Any CPU
		{4DA14805-C3D2-42EC-967A-C8553B3D0E69}.Debug|Any CPU.Build.0 = Debug|Any CPU
		{4DA14805-C3D2-42EC-967A-C8553B3D0E69}.Release|Any CPU.ActiveCfg = Release|Any CPU
		{4DA14805-C3D2-42EC-967A-C8553B3D0E69}.Release|Any CPU.Build.0 = Release|Any CPU
	EndGlobalSection
	GlobalSection(SolutionProperties) = preSolution
		HideSolutionNode = FALSE
	EndGlobalSection
	GlobalSection(NestedProjects) = preSolution
		{84876E34-E6D9-4E24-A2BF-9E179AB55653} = {66FEBF90-D5A6-433E-81F9-0CE2F3997E63}
		{20220B5A-A01D-4C45-90F3-9A805B407E42} = {FC5863C2-583D-4E98-A99F-051FEB1A7B5F}
		{261877CB-4F8B-42A0-A10D-56D14BD2DE19} = {FC5863C2-583D-4E98-A99F-051FEB1A7B5F}
		{DCC463FC-B14E-4F1D-893D-5AF3135B8398} = {FC5863C2-583D-4E98-A99F-051FEB1A7B5F}
		{AEEFD03C-DC6E-4BCD-A877-8CAAB7D4A3F2} = {FC5863C2-583D-4E98-A99F-051FEB1A7B5F}
		{4DA14805-C3D2-42EC-967A-C8553B3D0E69} = {FC5863C2-583D-4E98-A99F-051FEB1A7B5F}
	EndGlobalSection
EndGlobal
