
Microsoft Visual Studio Solution File, Format Version 12.00
# Visual Studio Version 17
VisualStudioVersion = 17.5.33502.453
MinimumVisualStudioVersion = 10.0.40219.1
Project("{2150E333-8FDC-42A3-9474-1A3956D46DE8}") = "src", "src", "{5C2D3E3A-CC4D-4416-B4BF-63883AAC6773}"
EndProject
Project("{9A19103F-16F7-4668-BE54-9A1E7A4F7556}") = "MVCPhones", "src\MVCPhones\MVCPhones.csproj", "{A01C0158-306E-4708-82B7-3D14B3FBB722}"
EndProject
Project("{2150E333-8FDC-42A3-9474-1A3956D46DE8}") = "tests", "tests", "{113392F4-6D85-4BAA-BAC9-37D762B752E4}"
EndProject
Project("{9A19103F-16F7-4668-BE54-9A1E7A4F7556}") = "t1", "tests\t1\t1.csproj", "{08D62A8A-D14D-4B2F-AA76-65C65BD75863}"
EndProject
Project("{9A19103F-16F7-4668-BE54-9A1E7A4F7556}") = "t2", "tests\t2\t2.csproj", "{CC7AD18B-4EB1-4422-A43E-7670F8ED5CF7}"
EndProject
Project("{9A19103F-16F7-4668-BE54-9A1E7A4F7556}") = "t3", "tests\t3\t3.csproj", "{59A62C2F-1368-4C28-9BC4-26CC91D95AAE}"
EndProject
Project("{9A19103F-16F7-4668-BE54-9A1E7A4F7556}") = "t4", "tests\t4\t4.csproj", "{0B74D356-C381-4C95-874F-2DF416CE6989}"
EndProject
Project("{9A19103F-16F7-4668-BE54-9A1E7A4F7556}") = "t5", "tests\t5\t5.csproj", "{EB5A14FA-7CAF-447F-B0EE-EDF864961BB2}"
EndProject
Project("{2150E333-8FDC-42A3-9474-1A3956D46DE8}") = "Solution Items", "Solution Items", "{23C59A8E-624C-42FB-8E86-B8C0DC72E4EA}"
	ProjectSection(SolutionItems) = preProject
		README.md = README.md
	EndProjectSection
EndProject
Global
	GlobalSection(SolutionConfigurationPlatforms) = preSolution
		Debug|Any CPU = Debug|Any CPU
		Release|Any CPU = Release|Any CPU
	EndGlobalSection
	GlobalSection(ProjectConfigurationPlatforms) = postSolution
		{A01C0158-306E-4708-82B7-3D14B3FBB722}.Debug|Any CPU.ActiveCfg = Debug|Any CPU
		{A01C0158-306E-4708-82B7-3D14B3FBB722}.Debug|Any CPU.Build.0 = Debug|Any CPU
		{A01C0158-306E-4708-82B7-3D14B3FBB722}.Release|Any CPU.ActiveCfg = Release|Any CPU
		{A01C0158-306E-4708-82B7-3D14B3FBB722}.Release|Any CPU.Build.0 = Release|Any CPU
		{08D62A8A-D14D-4B2F-AA76-65C65BD75863}.Debug|Any CPU.ActiveCfg = Debug|Any CPU
		{08D62A8A-D14D-4B2F-AA76-65C65BD75863}.Debug|Any CPU.Build.0 = Debug|Any CPU
		{08D62A8A-D14D-4B2F-AA76-65C65BD75863}.Release|Any CPU.ActiveCfg = Release|Any CPU
		{08D62A8A-D14D-4B2F-AA76-65C65BD75863}.Release|Any CPU.Build.0 = Release|Any CPU
		{CC7AD18B-4EB1-4422-A43E-7670F8ED5CF7}.Debug|Any CPU.ActiveCfg = Debug|Any CPU
		{CC7AD18B-4EB1-4422-A43E-7670F8ED5CF7}.Debug|Any CPU.Build.0 = Debug|Any CPU
		{CC7AD18B-4EB1-4422-A43E-7670F8ED5CF7}.Release|Any CPU.ActiveCfg = Release|Any CPU
		{CC7AD18B-4EB1-4422-A43E-7670F8ED5CF7}.Release|Any CPU.Build.0 = Release|Any CPU
		{59A62C2F-1368-4C28-9BC4-26CC91D95AAE}.Debug|Any CPU.ActiveCfg = Debug|Any CPU
		{59A62C2F-1368-4C28-9BC4-26CC91D95AAE}.Debug|Any CPU.Build.0 = Debug|Any CPU
		{59A62C2F-1368-4C28-9BC4-26CC91D95AAE}.Release|Any CPU.ActiveCfg = Release|Any CPU
		{59A62C2F-1368-4C28-9BC4-26CC91D95AAE}.Release|Any CPU.Build.0 = Release|Any CPU
		{0B74D356-C381-4C95-874F-2DF416CE6989}.Debug|Any CPU.ActiveCfg = Debug|Any CPU
		{0B74D356-C381-4C95-874F-2DF416CE6989}.Debug|Any CPU.Build.0 = Debug|Any CPU
		{0B74D356-C381-4C95-874F-2DF416CE6989}.Release|Any CPU.ActiveCfg = Release|Any CPU
		{0B74D356-C381-4C95-874F-2DF416CE6989}.Release|Any CPU.Build.0 = Release|Any CPU
		{EB5A14FA-7CAF-447F-B0EE-EDF864961BB2}.Debug|Any CPU.ActiveCfg = Debug|Any CPU
		{EB5A14FA-7CAF-447F-B0EE-EDF864961BB2}.Debug|Any CPU.Build.0 = Debug|Any CPU
		{EB5A14FA-7CAF-447F-B0EE-EDF864961BB2}.Release|Any CPU.ActiveCfg = Release|Any CPU
		{EB5A14FA-7CAF-447F-B0EE-EDF864961BB2}.Release|Any CPU.Build.0 = Release|Any CPU
	EndGlobalSection
	GlobalSection(SolutionProperties) = preSolution
		HideSolutionNode = FALSE
	EndGlobalSection
	GlobalSection(NestedProjects) = preSolution
		{A01C0158-306E-4708-82B7-3D14B3FBB722} = {5C2D3E3A-CC4D-4416-B4BF-63883AAC6773}
		{08D62A8A-D14D-4B2F-AA76-65C65BD75863} = {113392F4-6D85-4BAA-BAC9-37D762B752E4}
		{CC7AD18B-4EB1-4422-A43E-7670F8ED5CF7} = {113392F4-6D85-4BAA-BAC9-37D762B752E4}
		{59A62C2F-1368-4C28-9BC4-26CC91D95AAE} = {113392F4-6D85-4BAA-BAC9-37D762B752E4}
		{0B74D356-C381-4C95-874F-2DF416CE6989} = {113392F4-6D85-4BAA-BAC9-37D762B752E4}
		{EB5A14FA-7CAF-447F-B0EE-EDF864961BB2} = {113392F4-6D85-4BAA-BAC9-37D762B752E4}
	EndGlobalSection
EndGlobal
